[[package]]
name = "ping3"
version = "2.7.0"
description = "A pure python3 version of ICMP ping implementation using raw socket."
category = "main"
optional = false
python-versions = ">=3"

[metadata]
lock-version = "1.1"
python-versions = "^3.7"
content-hash = "98d16e0d734c55fa9797a3ce529b1d5a5d5b9decc9435cd6d7e0f13a236cbecb"

[metadata.files]
ping3 = [
    {file = "ping3-2.7.0-py3-none-any.whl", hash = "sha256:1a564ec5fac325b622c0fdaf15da9f2623764bba0ae3244ec1ddb89e0de8c2f5"},
    {file = "ping3-2.7.0.tar.gz", hash = "sha256:afb72038e18fd2b57651a3488a7cbb34b83f6bb6d3676ba37b249394c6dcb84b"},
]
